
Microsoft Visual Studio Solution File, Format Version 12.00
# Visual Studio Version 16
VisualStudioVersion = 16.0.29001.49
MinimumVisualStudioVersion = 10.0.40219.1
Project("{FAE04EC0-301F-11D3-BF4B-00C04F79EFBC}") = "ReactBlog", "ReactBlog\ReactBlog.csproj", "{C0193D15-1FFA-4A5B-A2A8-298FFA957E4A}"
EndProject
Global
	GlobalSection(SolutionConfigurationPlatforms) = preSolution
		Debug|Any CPU = Debug|Any CPU
		Release|Any CPU = Release|Any CPU
	EndGlobalSection
	GlobalSection(ProjectConfigurationPlatforms) = postSolution
		{C0193D15-1FFA-4A5B-A2A8-298FFA957E4A}.Debug|Any CPU.ActiveCfg = Debug|Any CPU
		{C0193D15-1FFA-4A5B-A2A8-298FFA957E4A}.Debug|Any CPU.Build.0 = Debug|Any CPU
		{C0193D15-1FFA-4A5B-A2A8-298FFA957E4A}.Release|Any CPU.ActiveCfg = Release|Any CPU
		{C0193D15-1FFA-4A5B-A2A8-298FFA957E4A}.Release|Any CPU.Build.0 = Release|Any CPU
	EndGlobalSection
	GlobalSection(SolutionProperties) = preSolution
		HideSolutionNode = FALSE
	EndGlobalSection
	GlobalSection(ExtensibilityGlobals) = postSolution
		SolutionGuid = {5FD6FB95-AFA9-4B6A-87B2-300EB48814E0}
	EndGlobalSection
EndGlobal
